// !$*UTF8*$!
{
	archiveVersion = 1;
	classes = {
	};
	objectVersion = 50;
	objects = {

/* Begin PBXBuildFile section */
		6E41A348231AED5F0077AD24 /* Edge.swift in Sources */ = {isa = PBXBuildFile; fileRef = 6E41A344231AED5F0077AD24 /* Edge.swift */; };
		6E41A349231AED5F0077AD24 /* AdjacencyList.swift in Sources */ = {isa = PBXBuildFile; fileRef = 6E41A345231AED5F0077AD24 /* AdjacencyList.swift */; };
		6E41A34A231AED5F0077AD24 /* Graphable.swift in Sources */ = {isa = PBXBuildFile; fileRef = 6E41A346231AED5F0077AD24 /* Graphable.swift */; };
		6E41A34B231AED5F0077AD24 /* Vertex.swift in Sources */ = {isa = PBXBuildFile; fileRef = 6E41A347231AED5F0077AD24 /* Vertex.swift */; };
		E2EE344F231A0978005C393C /* AppDelegate.swift in Sources */ = {isa = PBXBuildFile; fileRef = E2EE344E231A0978005C393C /* AppDelegate.swift */; };
		E2EE3455231A0978005C393C /* GameScene.swift in Sources */ = {isa = PBXBuildFile; fileRef = E2EE3454231A0978005C393C /* GameScene.swift */; };
		E2EE3457231A0978005C393C /* ViewController.swift in Sources */ = {isa = PBXBuildFile; fileRef = E2EE3456231A0978005C393C /* ViewController.swift */; };
		E2EE3459231A097A005C393C /* Assets.xcassets in Resources */ = {isa = PBXBuildFile; fileRef = E2EE3458231A097A005C393C /* Assets.xcassets */; };
		E2EE345C231A097A005C393C /* Main.storyboard in Resources */ = {isa = PBXBuildFile; fileRef = E2EE345A231A097A005C393C /* Main.storyboard */; };
		E2EE3465231A96B5005C393C /* GraphNode.swift in Sources */ = {isa = PBXBuildFile; fileRef = E2EE3464231A96B5005C393C /* GraphNode.swift */; };
/* End PBXBuildFile section */

/* Begin PBXFileReference section */
		6E41A344231AED5F0077AD24 /* Edge.swift */ = {isa = PBXFileReference; fileEncoding = 4; lastKnownFileType = sourcecode.swift; path = Edge.swift; sourceTree = "<group>"; };
		6E41A345231AED5F0077AD24 /* AdjacencyList.swift */ = {isa = PBXFileReference; fileEncoding = 4; lastKnownFileType = sourcecode.swift; path = AdjacencyList.swift; sourceTree = "<group>"; };
		6E41A346231AED5F0077AD24 /* Graphable.swift */ = {isa = PBXFileReference; fileEncoding = 4; lastKnownFileType = sourcecode.swift; path = Graphable.swift; sourceTree = "<group>"; };
		6E41A347231AED5F0077AD24 /* Vertex.swift */ = {isa = PBXFileReference; fileEncoding = 4; lastKnownFileType = sourcecode.swift; path = Vertex.swift; sourceTree = "<group>"; };
		E2EE344B231A0978005C393C /* GraphEditor.app */ = {isa = PBXFileReference; explicitFileType = wrapper.application; includeInIndex = 0; path = GraphEditor.app; sourceTree = BUILT_PRODUCTS_DIR; };
		E2EE344E231A0978005C393C /* AppDelegate.swift */ = {isa = PBXFileReference; lastKnownFileType = sourcecode.swift; path = AppDelegate.swift; sourceTree = "<group>"; };
		E2EE3454231A0978005C393C /* GameScene.swift */ = {isa = PBXFileReference; lastKnownFileType = sourcecode.swift; path = GameScene.swift; sourceTree = "<group>"; };
		E2EE3456231A0978005C393C /* ViewController.swift */ = {isa = PBXFileReference; lastKnownFileType = sourcecode.swift; path = ViewController.swift; sourceTree = "<group>"; };
		E2EE3458231A097A005C393C /* Assets.xcassets */ = {isa = PBXFileReference; lastKnownFileType = folder.assetcatalog; path = Assets.xcassets; sourceTree = "<group>"; };
		E2EE345B231A097A005C393C /* Base */ = {isa = PBXFileReference; lastKnownFileType = file.storyboard; name = Base; path = Base.lproj/Main.storyboard; sourceTree = "<group>"; };
		E2EE345D231A097A005C393C /* Info.plist */ = {isa = PBXFileReference; lastKnownFileType = text.plist.xml; path = Info.plist; sourceTree = "<group>"; };
		E2EE345E231A097A005C393C /* GraphEditor.entitlements */ = {isa = PBXFileReference; lastKnownFileType = text.plist.entitlements; path = GraphEditor.entitlements; sourceTree = "<group>"; };
		E2EE3464231A96B5005C393C /* GraphNode.swift */ = {isa = PBXFileReference; lastKnownFileType = sourcecode.swift; path = GraphNode.swift; sourceTree = "<group>"; };
/* End PBXFileReference section */

/* Begin PBXFrameworksBuildPhase section */
		E2EE3448231A0978005C393C /* Frameworks */ = {
			isa = PBXFrameworksBuildPhase;
			buildActionMask = 2147483647;
			files = (
			);
			runOnlyForDeploymentPostprocessing = 0;
		};
/* End PBXFrameworksBuildPhase section */

/* Begin PBXGroup section */
		6E41A343231AED4A0077AD24 /* Graph */ = {
			isa = PBXGroup;
			children = (
				6E41A345231AED5F0077AD24 /* AdjacencyList.swift */,
				6E41A344231AED5F0077AD24 /* Edge.swift */,
				6E41A346231AED5F0077AD24 /* Graphable.swift */,
				6E41A347231AED5F0077AD24 /* Vertex.swift */,
			);
			path = Graph;
			sourceTree = "<group>";
		};
		6E41A34E231AF3FC0077AD24 /* GraphNode */ = {
			isa = PBXGroup;
			children = (
				E2EE3464231A96B5005C393C /* GraphNode.swift */,
			);
			path = GraphNode;
			sourceTree = "<group>";
		};
		E2EE3442231A0978005C393C = {
			isa = PBXGroup;
			children = (
				E2EE344D231A0978005C393C /* GraphEditor */,
				E2EE344C231A0978005C393C /* Products */,
			);
			sourceTree = "<group>";
		};
		E2EE344C231A0978005C393C /* Products */ = {
			isa = PBXGroup;
			children = (
				E2EE344B231A0978005C393C /* GraphEditor.app */,
			);
			name = Products;
			sourceTree = "<group>";
		};
		E2EE344D231A0978005C393C /* GraphEditor */ = {
			isa = PBXGroup;
			children = (
				6E41A34E231AF3FC0077AD24 /* GraphNode */,
				6E41A343231AED4A0077AD24 /* Graph */,
				E2EE344E231A0978005C393C /* AppDelegate.swift */,
				E2EE3454231A0978005C393C /* GameScene.swift */,
				E2EE3456231A0978005C393C /* ViewController.swift */,
				E2EE3458231A097A005C393C /* Assets.xcassets */,
				E2EE345A231A097A005C393C /* Main.storyboard */,
				E2EE345D231A097A005C393C /* Info.plist */,
				E2EE345E231A097A005C393C /* GraphEditor.entitlements */,
			);
			path = GraphEditor;
			sourceTree = "<group>";
		};
/* End PBXGroup section */

/* Begin PBXNativeTarget section */
		E2EE344A231A0978005C393C /* GraphEditor */ = {
			isa = PBXNativeTarget;
			buildConfigurationList = E2EE3461231A097A005C393C /* Build configuration list for PBXNativeTarget "GraphEditor" */;
			buildPhases = (
				E2EE3447231A0978005C393C /* Sources */,
				E2EE3448231A0978005C393C /* Frameworks */,
				E2EE3449231A0978005C393C /* Resources */,
			);
			buildRules = (
			);
			dependencies = (
			);
			name = GraphEditor;
			productName = GraphEditor;
			productReference = E2EE344B231A0978005C393C /* GraphEditor.app */;
			productType = "com.apple.product-type.application";
		};
/* End PBXNativeTarget section */

/* Begin PBXProject section */
		E2EE3443231A0978005C393C /* Project object */ = {
			isa = PBXProject;
			attributes = {
				LastSwiftUpdateCheck = 1100;
				LastUpgradeCheck = 1100;
				ORGANIZATIONNAME = "Matheus Felizola Freires";
				TargetAttributes = {
					E2EE344A231A0978005C393C = {
						CreatedOnToolsVersion = 11.0;
					};
				};
			};
			buildConfigurationList = E2EE3446231A0978005C393C /* Build configuration list for PBXProject "GraphEditor" */;
			compatibilityVersion = "Xcode 9.3";
			developmentRegion = en;
			hasScannedForEncodings = 0;
			knownRegions = (
				en,
				Base,
			);
			mainGroup = E2EE3442231A0978005C393C;
			productRefGroup = E2EE344C231A0978005C393C /* Products */;
			projectDirPath = "";
			projectRoot = "";
			targets = (
				E2EE344A231A0978005C393C /* GraphEditor */,
			);
		};
/* End PBXProject section */

/* Begin PBXResourcesBuildPhase section */
		E2EE3449231A0978005C393C /* Resources */ = {
			isa = PBXResourcesBuildPhase;
			buildActionMask = 2147483647;
			files = (
				E2EE3459231A097A005C393C /* Assets.xcassets in Resources */,
				E2EE345C231A097A005C393C /* Main.storyboard in Resources */,
			);
			runOnlyForDeploymentPostprocessing = 0;
		};
/* End PBXResourcesBuildPhase section */

/* Begin PBXSourcesBuildPhase section */
		E2EE3447231A0978005C393C /* Sources */ = {
			isa = PBXSourcesBuildPhase;
			buildActionMask = 2147483647;
			files = (
				6E41A349231AED5F0077AD24 /* AdjacencyList.swift in Sources */,
				6E41A34A231AED5F0077AD24 /* Graphable.swift in Sources */,
				E2EE3457231A0978005C393C /* ViewController.swift in Sources */,
				E2EE3455231A0978005C393C /* GameScene.swift in Sources */,
				E2EE3465231A96B5005C393C /* GraphNode.swift in Sources */,
				6E41A34B231AED5F0077AD24 /* Vertex.swift in Sources */,
				6E41A348231AED5F0077AD24 /* Edge.swift in Sources */,
				E2EE344F231A0978005C393C /* AppDelegate.swift in Sources */,
			);
			runOnlyForDeploymentPostprocessing = 0;
		};
/* End PBXSourcesBuildPhase section */

/* Begin PBXVariantGroup section */
		E2EE345A231A097A005C393C /* Main.storyboard */ = {
			isa = PBXVariantGroup;
			children = (
				E2EE345B231A097A005C393C /* Base */,
			);
			name = Main.storyboard;
			sourceTree = "<group>";
		};
/* End PBXVariantGroup section */

/* Begin XCBuildConfiguration section */
		E2EE345F231A097A005C393C /* Debug */ = {
			isa = XCBuildConfiguration;
			buildSettings = {
				ALWAYS_SEARCH_USER_PATHS = NO;
				CLANG_ANALYZER_NONNULL = YES;
				CLANG_ANALYZER_NUMBER_OBJECT_CONVERSION = YES_AGGRESSIVE;
				CLANG_CXX_LANGUAGE_STANDARD = "gnu++14";
				CLANG_CXX_LIBRARY = "libc++";
				CLANG_ENABLE_MODULES = YES;
				CLANG_ENABLE_OBJC_ARC = YES;
				CLANG_ENABLE_OBJC_WEAK = YES;
				CLANG_WARN_BLOCK_CAPTURE_AUTORELEASING = YES;
				CLANG_WARN_BOOL_CONVERSION = YES;
				CLANG_WARN_COMMA = YES;
				CLANG_WARN_CONSTANT_CONVERSION = YES;
				CLANG_WARN_DEPRECATED_OBJC_IMPLEMENTATIONS = YES;
				CLANG_WARN_DIRECT_OBJC_ISA_USAGE = YES_ERROR;
				CLANG_WARN_DOCUMENTATION_COMMENTS = YES;
				CLANG_WARN_EMPTY_BODY = YES;
				CLANG_WARN_ENUM_CONVERSION = YES;
				CLANG_WARN_INFINITE_RECURSION = YES;
				CLANG_WARN_INT_CONVERSION = YES;
				CLANG_WARN_NON_LITERAL_NULL_CONVERSION = YES;
				CLANG_WARN_OBJC_IMPLICIT_RETAIN_SELF = YES;
				CLANG_WARN_OBJC_LITERAL_CONVERSION = YES;
				CLANG_WARN_OBJC_ROOT_CLASS = YES_ERROR;
				CLANG_WARN_RANGE_LOOP_ANALYSIS = YES;
				CLANG_WARN_STRICT_PROTOTYPES = YES;
				CLANG_WARN_SUSPICIOUS_MOVE = YES;
				CLANG_WARN_UNGUARDED_AVAILABILITY = YES_AGGRESSIVE;
				CLANG_WARN_UNREACHABLE_CODE = YES;
				CLANG_WARN__DUPLICATE_METHOD_MATCH = YES;
				COPY_PHASE_STRIP = NO;
				DEBUG_INFORMATION_FORMAT = dwarf;
				ENABLE_STRICT_OBJC_MSGSEND = YES;
				ENABLE_TESTABILITY = YES;
				GCC_C_LANGUAGE_STANDARD = gnu11;
				GCC_DYNAMIC_NO_PIC = NO;
				GCC_NO_COMMON_BLOCKS = YES;
				GCC_OPTIMIZATION_LEVEL = 0;
				GCC_PREPROCESSOR_DEFINITIONS = (
					"DEBUG=1",
					"$(inherited)",
				);
				GCC_WARN_64_TO_32_BIT_CONVERSION = YES;
				GCC_WARN_ABOUT_RETURN_TYPE = YES_ERROR;
				GCC_WARN_UNDECLARED_SELECTOR = YES;
				GCC_WARN_UNINITIALIZED_AUTOS = YES_AGGRESSIVE;
				GCC_WARN_UNUSED_FUNCTION = YES;
				GCC_WARN_UNUSED_VARIABLE = YES;
				MACOSX_DEPLOYMENT_TARGET = 10.15;
				MTL_ENABLE_DEBUG_INFO = INCLUDE_SOURCE;
				MTL_FAST_MATH = YES;
				ONLY_ACTIVE_ARCH = YES;
				SDKROOT = macosx;
				SWIFT_ACTIVE_COMPILATION_CONDITIONS = DEBUG;
				SWIFT_OPTIMIZATION_LEVEL = "-Onone";
			};
			name = Debug;
		};
		E2EE3460231A097A005C393C /* Release */ = {
			isa = XCBuildConfiguration;
			buildSettings = {
				ALWAYS_SEARCH_USER_PATHS = NO;
				CLANG_ANALYZER_NONNULL = YES;
				CLANG_ANALYZER_NUMBER_OBJECT_CONVERSION = YES_AGGRESSIVE;
				CLANG_CXX_LANGUAGE_STANDARD = "gnu++14";
				CLANG_CXX_LIBRARY = "libc++";
				CLANG_ENABLE_MODULES = YES;
				CLANG_ENABLE_OBJC_ARC = YES;
				CLANG_ENABLE_OBJC_WEAK = YES;
				CLANG_WARN_BLOCK_CAPTURE_AUTORELEASING = YES;
				CLANG_WARN_BOOL_CONVERSION = YES;
				CLANG_WARN_COMMA = YES;
				CLANG_WARN_CONSTANT_CONVERSION = YES;
				CLANG_WARN_DEPRECATED_OBJC_IMPLEMENTATIONS = YES;
				CLANG_WARN_DIRECT_OBJC_ISA_USAGE = YES_ERROR;
				CLANG_WARN_DOCUMENTATION_COMMENTS = YES;
				CLANG_WARN_EMPTY_BODY = YES;
				CLANG_WARN_ENUM_CONVERSION = YES;
				CLANG_WARN_INFINITE_RECURSION = YES;
				CLANG_WARN_INT_CONVERSION = YES;
				CLANG_WARN_NON_LITERAL_NULL_CONVERSION = YES;
				CLANG_WARN_OBJC_IMPLICIT_RETAIN_SELF = YES;
				CLANG_WARN_OBJC_LITERAL_CONVERSION = YES;
				CLANG_WARN_OBJC_ROOT_CLASS = YES_ERROR;
				CLANG_WARN_RANGE_LOOP_ANALYSIS = YES;
				CLANG_WARN_STRICT_PROTOTYPES = YES;
				CLANG_WARN_SUSPICIOUS_MOVE = YES;
				CLANG_WARN_UNGUARDED_AVAILABILITY = YES_AGGRESSIVE;
				CLANG_WARN_UNREACHABLE_CODE = YES;
				CLANG_WARN__DUPLICATE_METHOD_MATCH = YES;
				COPY_PHASE_STRIP = NO;
				DEBUG_INFORMATION_FORMAT = "dwarf-with-dsym";
				ENABLE_NS_ASSERTIONS = NO;
				ENABLE_STRICT_OBJC_MSGSEND = YES;
				GCC_C_LANGUAGE_STANDARD = gnu11;
				GCC_NO_COMMON_BLOCKS = YES;
				GCC_WARN_64_TO_32_BIT_CONVERSION = YES;
				GCC_WARN_ABOUT_RETURN_TYPE = YES_ERROR;
				GCC_WARN_UNDECLARED_SELECTOR = YES;
				GCC_WARN_UNINITIALIZED_AUTOS = YES_AGGRESSIVE;
				GCC_WARN_UNUSED_FUNCTION = YES;
				GCC_WARN_UNUSED_VARIABLE = YES;
				MACOSX_DEPLOYMENT_TARGET = 10.15;
				MTL_ENABLE_DEBUG_INFO = NO;
				MTL_FAST_MATH = YES;
				SDKROOT = macosx;
				SWIFT_COMPILATION_MODE = wholemodule;
				SWIFT_OPTIMIZATION_LEVEL = "-O";
			};
			name = Release;
		};
		E2EE3462231A097A005C393C /* Debug */ = {
			isa = XCBuildConfiguration;
			buildSettings = {
				ASSETCATALOG_COMPILER_APPICON_NAME = AppIcon;
				CODE_SIGN_ENTITLEMENTS = GraphEditor/GraphEditor.entitlements;
				CODE_SIGN_STYLE = Automatic;
				COMBINE_HIDPI_IMAGES = YES;
				DEVELOPMENT_TEAM = A93689JNSR;
				ENABLE_HARDENED_RUNTIME = YES;
				INFOPLIST_FILE = GraphEditor/Info.plist;
				LD_RUNPATH_SEARCH_PATHS = (
					"$(inherited)",
					"@executable_path/../Frameworks",
				);
				MACOSX_DEPLOYMENT_TARGET = 10.14;
				PRODUCT_BUNDLE_IDENTIFIER = com.felizola.GraphEditor;
				PRODUCT_NAME = "$(TARGET_NAME)";
				SWIFT_VERSION = 5.0;
			};
			name = Debug;
		};
		E2EE3463231A097A005C393C /* Release */ = {
			isa = XCBuildConfiguration;
			buildSettings = {
				ASSETCATALOG_COMPILER_APPICON_NAME = AppIcon;
				CODE_SIGN_ENTITLEMENTS = GraphEditor/GraphEditor.entitlements;
				CODE_SIGN_STYLE = Automatic;
				COMBINE_HIDPI_IMAGES = YES;
				DEVELOPMENT_TEAM = A93689JNSR;
				ENABLE_HARDENED_RUNTIME = YES;
				INFOPLIST_FILE = GraphEditor/Info.plist;
				LD_RUNPATH_SEARCH_PATHS = (
					"$(inherited)",
					"@executable_path/../Frameworks",
				);
				MACOSX_DEPLOYMENT_TARGET = 10.14;
				PRODUCT_BUNDLE_IDENTIFIER = com.felizola.GraphEditor;
				PRODUCT_NAME = "$(TARGET_NAME)";
				SWIFT_VERSION = 5.0;
			};
			name = Release;
		};
/* End XCBuildConfiguration section */

/* Begin XCConfigurationList section */
		E2EE3446231A0978005C393C /* Build configuration list for PBXProject "GraphEditor" */ = {
			isa = XCConfigurationList;
			buildConfigurations = (
				E2EE345F231A097A005C393C /* Debug */,
				E2EE3460231A097A005C393C /* Release */,
			);
			defaultConfigurationIsVisible = 0;
			defaultConfigurationName = Release;
		};
		E2EE3461231A097A005C393C /* Build configuration list for PBXNativeTarget "GraphEditor" */ = {
			isa = XCConfigurationList;
			buildConfigurations = (
				E2EE3462231A097A005C393C /* Debug */,
				E2EE3463231A097A005C393C /* Release */,
			);
			defaultConfigurationIsVisible = 0;
			defaultConfigurationName = Release;
		};
/* End XCConfigurationList section */
	};
	rootObject = E2EE3443231A0978005C393C /* Project object */;
}
